gitee.com/quant1x/asio v1.1.5 h1:CNKG81mS0U6nV1hVskZVHFbkB3IA4pBd73z1AgFrj/8=
gitee.com/quant1x/asio v1.1.5/go.mod h1:cHKuUzwDJyhQYKuimnE2fbjnXzr7IRXllUjMLkXGzrM=
gitee.com/quant1x/data v0.1.7 h1:nqTnudUHom7qvi4Y62kVlBnTWn+lYw9pXyptgsSAPmQ=
gitee.com/quant1x/data v0.1.7/go.mod h1:X62ARRRfFP2ZbkP5dYS3lb2IdL40YO9kRI/GSnhbHHc=
gitee.com/quant1x/engine v1.12.8 h1:DNvYPs/kd8pNMqSyZNw2PZ/H3e4r+On4gh+gMAJOnV0=
gitee.com/quant1x/engine v1.12.8/go.mod h1:XKHteEXbcVN6XIVi0/uca/npOpPA1DhTMn0nSgaMHl0=
gitee.com/quant1x/gox v1.25.2 h1:J6Fov023KD763S0Ogglr39PkMmMy1Apr8Y6vA/CiQ+A=
gitee.com/quant1x/gox v1.25.2/go.mod h1:IUeeJxvqibkZHRZCET1qo+7f2v+7eGhrxa4NYhB+kMA=
gitee.com/quant1x/num v0.7.15 h1:iO0suggsFfWV+IEpprzb7SKHf7jLUZJhHDrEdCIlZUg=
gitee.com/quant1x/num v0.7.15/go.mod h1:o6oZCL7GZvJp6yg7vO9Pvq/ql2IimJ0B2ktFdJOcCkE=
gitee.com/quant1x/pandas v1.6.11 h1:J3lwuBTIBDDRjbc/T5PXN2e2g6+KqKDvWLRSWVZ+URQ=
gitee.com/quant1x/pandas v1.6.11/go.mod h1:Hy5BuKUtJCnWuk/xyRbYTBld/96lGQ4JT0juH1ePqZ8=
gitee.com/quant1x/pkg v0.9.1 h1:OIgVTL5G4xwP4tvHP+PRv+u3Fcay/LcE68KHhiZiIK4=
gitee.com/quant1x/pkg v0.9.1/go.mod h1:pfDx6S5Eq6tVT5txko6uh4XPdqMP/ALtrT34LAv4ghc=
github.com/davecgh/go-spew v1.1.1 h1:vj9j/u1bqnvCEfJOwUhtlOARqs3+rkHYY13jYWTU97c=
github.com/davecgh/go-spew v1.1.1/go.mod h1:J7Y8YcW2NihsgmVo/mv3lAwl/skON4iLHjSsI+c5H38=
github.com/go-echarts/go-echarts/v2 v2.6.2 h1:IDZHYbPOBhx3t/vewppVXtvSWkcpAieEXBvd9tgYUa0=
github.com/go-echarts/go-echarts/v2 v2.6.2/go.mod h1:Z+spPygZRIEyqod69r0WMnkN5RV3MwhYDtw601w3G8w=
github.com/google/go-cmp v0.5.5 h1:Khx7svrCpmxxtHBq5j2mp/xVjsi8hQMfNLvJFAlrGgU=
github.com/google/go-cmp v0.5.5/go.mod h1:v8dTdLbMG2kIc/vJvl+f65V22dbkXbowE6jgT/gNBxE=
github.com/kr/pretty v0.3.1 h1:flRD4NNwYAUpkphVc1HcthR4KEIFJ65n8Mw5qdRn3LE=
github.com/kr/pretty v0.3.1/go.mod h1:hoEshYVHaxMs3cyo3Yncou5ZscifuDolrwPKZanG3xk=
github.com/kr/text v0.2.0 h1:5Nx0Ya0ZqY2ygV366QzturHI13Jq95ApcVaJBhpS+AY=
github.com/kr/text v0.2.0/go.mod h1:eLer722TekiGuMkidMxC/pM04lWEeraHUUmBw8l2grE=
github.com/petermattis/goid v0.0.0-20250904145737-900bdf8bb490 h1:QTvNkZ5ylY0PGgA+Lih+GdboMLY/G9SEGLMEGVjTVA4=
github.com/petermattis/goid v0.0.0-20250904145737-900bdf8bb490/go.mod h1:pxMtw7cyUw6B2bRH0ZBANSPg+AoSud1I1iyJHI69jH4=
github.com/pmezard/go-difflib v1.0.0 h1:4DBwDE0NGyQoBHbLQYPwSUPoCMWR5BEzIk/f1lZbAQM=
github.com/pmezard/go-difflib v1.0.0/go.mod h1:iKH77koFhYxTK1pcRnkKkqfTogsbg7gZNVY4sRDYZ/4=
github.com/rivo/uniseg v0.4.7 h1:WUdvkW8uEhrYfLC4ZzdpI2ztxP1I582+49Oc5Mq64VQ=
github.com/rivo/uniseg v0.4.7/go.mod h1:FN3SvrM+Zdj16jyLfmOkMNblXMcoc8DfTHruCPUcx88=
github.com/rogpeppe/go-internal v1.14.1 h1:UQB4HGPB6osV0SQTLymcB4TgvyWu6ZyliaW0tI/otEQ=
github.com/rogpeppe/go-internal v1.14.1/go.mod h1:MaRKkUm5W0goXpeCfT7UZI6fk/L7L7so1lCWt35ZSgc=
github.com/shopspring/decimal v1.4.0 h1:bxl37RwXBklmTi0C79JfXCEBD1cqqHt0bbgBAGFp81k=
github.com/shopspring/decimal v1.4.0/go.mod h1:gawqmDU56v4yIKSwfBSFip1HdCCXN8/+DMd9qYNcwME=
github.com/stretchr/testify v1.11.1 h1:7s2iGBzp5EwR7/aIZr8ao5+dra3wiQyKjjFuvgVKu7U=
github.com/stretchr/testify v1.11.1/go.mod h1:wZwfW3scLgRK+23gO65QZefKpKQRnfz6sD981Nm4B6U=
golang.org/x/image v0.32.0 h1:6lZQWq75h7L5IWNk0r+SCpUJ6tUVd3v4ZHnbRKLkUDQ=
golang.org/x/image v0.32.0/go.mod h1:/R37rrQmKXtO6tYXAjtDLwQgFLHmhW+V6ayXlxzP2Pc=
golang.org/x/sys v0.37.0 h1:fdNQudmxPjkdUTPnLn5mdQv7Zwvbvpaxqs831goi9kQ=
golang.org/x/sys v0.37.0/go.mod h1:OgkHotnGiDImocRcuBABYBEXf8A9a87e/uXjp9XT3ks=
golang.org/x/text v0.30.0 h1:yznKA/E9zq54KzlzBEAWn1NXSQ8DIp/NYMy88xJjl4k=
golang.org/x/text v0.30.0/go.mod h1:yDdHFIX9t+tORqspjENWgzaCVXgk0yYnYuSZ8UzzBVM=
golang.org/x/xerrors v0.0.0-20191204190536-9bdfabe68543 h1:E7g+9GITq07hpfrRu66IVDexMakfv52eLZ2CXBWiKr4=
golang.org/x/xerrors v0.0.0-20191204190536-9bdfabe68543/go.mod h1:I/5z698sn9Ka8TeJc9MKroUUfqBBauWjQqLJ2OPfmY0=
google.golang.org/protobuf v1.36.9 h1:w2gp2mA27hUeUzj9Ex9FBjsBm40zfaDtEWow293U7Iw=
google.golang.org/protobuf v1.36.9/go.mod h1:fuxRtAxBytpl4zzqUh6/eyUujkJdNiuEkXntxiD/uRU=
gopkg.in/check.v1 v0.0.0-20161208181325-20d25e280405/go.mod h1:Co6ibVJAznAaIkqp8huTwlJQCZ016jof/cbN4VW5Yz0=
gopkg.in/check.v1 v1.0.0-20201130134442-10cb98267c6c h1:Hei/4ADfdWqJk1ZMxUNpqntNwaWcugrBjAiHlqqRiVk=
gopkg.in/check.v1 v1.0.0-20201130134442-10cb98267c6c/go.mod h1:JHkPIbrfpd72SG/EVd6muEfDQjcINNoR0C8j2r3qZ4Q=
gopkg.in/ini.v1 v1.67.0 h1:Dgnx+6+nfE+IfzjUEISNeydPJh9AXNNsWbGP9KzCsOA=
gopkg.in/ini.v1 v1.67.0/go.mod h1:pNLf8WUiyNEtQjuu5G5vTm06TEv9tsIgeAvK8hOrP4k=
gopkg.in/yaml.v3 v3.0.1 h1:fxVm/GzAzEWqLHuvctI91KS9hhNmmWOoWu0XTYJS7CA=
gopkg.in/yaml.v3 v3.0.1/go.mod h1:K4uyk7z7BCEPqu6E+C64Yfv1cQ7kz7rIZviUmN+EgEM=
